
Microsoft Visual Studio Solution File, Format Version 12.00
# Visual Studio 15
Project("{FAE04EC0-301F-11D3-BF4B-00C04F79EFBC}") = "ARContents", "Assembly-CSharp.csproj", "{6353976B-6442-D732-37A5-B9E37DA3F239}"
EndProject
Project("{FAE04EC0-301F-11D3-BF4B-00C04F79EFBC}") = "ARContents", "Assembly-CSharp-Editor.csproj", "{0A76A0E1-C491-1943-F5C8-3A32C5E6CE74}"
EndProject
Global
	GlobalSection(SolutionConfigurationPlatforms) = preSolution
		Debug|Any CPU = Debug|Any CPU
		Release|Any CPU = Release|Any CPU
	EndGlobalSection
	GlobalSection(ProjectConfigurationPlatforms) = postSolution
		{6353976B-6442-D732-37A5-B9E37DA3F239}.Debug|Any CPU.ActiveCfg = Debug|Any CPU
		{6353976B-6442-D732-37A5-B9E37DA3F239}.Debug|Any CPU.Build.0 = Debug|Any CPU
		{6353976B-6442-D732-37A5-B9E37DA3F239}.Release|Any CPU.ActiveCfg = Release|Any CPU
		{6353976B-6442-D732-37A5-B9E37DA3F239}.Release|Any CPU.Build.0 = Release|Any CPU
		{0A76A0E1-C491-1943-F5C8-3A32C5E6CE74}.Debug|Any CPU.ActiveCfg = Debug|Any CPU
		{0A76A0E1-C491-1943-F5C8-3A32C5E6CE74}.Debug|Any CPU.Build.0 = Debug|Any CPU
		{0A76A0E1-C491-1943-F5C8-3A32C5E6CE74}.Release|Any CPU.ActiveCfg = Release|Any CPU
		{0A76A0E1-C491-1943-F5C8-3A32C5E6CE74}.Release|Any CPU.Build.0 = Release|Any CPU
	EndGlobalSection
	GlobalSection(SolutionProperties) = preSolution
		HideSolutionNode = FALSE
	EndGlobalSection
EndGlobal
